
Microsoft Visual Studio Solution File, Format Version 12.00
# Visual Studio Version 17
VisualStudioVersion = 17.8.34408.163
MinimumVisualStudioVersion = 10.0.40219.1
Project("{FAE04EC0-301F-11D3-BF4B-00C04F79EFBC}") = "Librari.Api", "Librari.Api\Librari.Api.csproj", "{3E886A02-8B24-46A6-B76F-D5EA59779118}"
EndProject
Global
	GlobalSection(SolutionConfigurationPlatforms) = preSolution
		Debug|Any CPU = Debug|Any CPU
		Release|Any CPU = Release|Any CPU
	EndGlobalSection
	GlobalSection(ProjectConfigurationPlatforms) = postSolution
		{3E886A02-8B24-46A6-B76F-D5EA59779118}.Debug|Any CPU.ActiveCfg = Debug|Any CPU
		{3E886A02-8B24-46A6-B76F-D5EA59779118}.Debug|Any CPU.Build.0 = Debug|Any CPU
		{3E886A02-8B24-46A6-B76F-D5EA59779118}.Release|Any CPU.ActiveCfg = Release|Any CPU
		{3E886A02-8B24-46A6-B76F-D5EA59779118}.Release|Any CPU.Build.0 = Release|Any CPU
	EndGlobalSection
	GlobalSection(SolutionProperties) = preSolution
		HideSolutionNode = FALSE
	EndGlobalSection
	GlobalSection(ExtensibilityGlobals) = postSolution
		SolutionGuid = {70507D5F-F3FB-4DDC-9ABB-AD2792965038}
	EndGlobalSection
EndGlobal
